github.com/formeo/XlsForXMLHttp v0.0.0-20160301045833-89b24197a169 h1:rzdhZSKG/gWNAEg9YtAzigt+KkfH8DE6Ta4phS+T5wE=
github.com/formeo/XlsForXMLHttp v0.0.0-20160301045833-89b24197a169/go.mod h1:S+ctgayaWXBH/W3wfhbIxE8wkow0NN1/RAjTPv1VlQw=
github.com/kardianos/service v1.0.0 h1:HgQS3mFfOlyntWX8Oke98JcJLqt1DBcHR4kxShpYef0=
github.com/kardianos/service v1.0.0/go.mod h1:8CzDhVuCuugtsHyZoTvsOBuvonN/UDBvl0kH+BUxvbo=
golang.org/x/sys v0.0.0-20190204203706-41f3e6584952 h1:FDfvYgoVsA7TTZSbgiqjAbfPbK47CNHdWl3h/PJtii0=
golang.org/x/sys v0.0.0-20190204203706-41f3e6584952/go.mod h1:STP8DvDyc/dI5b8T5hshtkjS+E42TnysNCUPdjciGhY=
